
Microsoft Visual Studio Solution File, Format Version 12.00
# Visual Studio Version 17
VisualStudioVersion = 17.8.34004.107
MinimumVisualStudioVersion = 10.0.40219.1
Project("{9A19103F-16F7-4668-BE54-9A1E7A4F7556}") = "BulkyWeb", "BulkyWeb\BulkyWeb.csproj", "{523C5E18-AD90-455F-8EE5-D2A9D63F2903}"
EndProject
Project("{FAE04EC0-301F-11D3-BF4B-00C04F79EFBC}") = "Bulky.DataAccess", "Bulky.DataAccess\Bulky.DataAccess.csproj", "{48E5D352-80E7-45FE-B7D8-1C6063C65D52}"
EndProject
Project("{FAE04EC0-301F-11D3-BF4B-00C04F79EFBC}") = "Bulky.Models", "Bulky.Models\Bulky.Models.csproj", "{9F6A6CB0-5AA8-4C81-A00C-952F3A718CBE}"
EndProject
Project("{FAE04EC0-301F-11D3-BF4B-00C04F79EFBC}") = "Bulky.Utility", "Bulky.Utility\Bulky.Utility.csproj", "{37364CB4-8F22-4479-83F5-9AB600C54BEA}"
EndProject
Global
	GlobalSection(SolutionConfigurationPlatforms) = preSolution
		Debug|Any CPU = Debug|Any CPU
		Release|Any CPU = Release|Any CPU
	EndGlobalSection
	GlobalSection(ProjectConfigurationPlatforms) = postSolution
		{523C5E18-AD90-455F-8EE5-D2A9D63F2903}.Debug|Any CPU.ActiveCfg = Debug|Any CPU
		{523C5E18-AD90-455F-8EE5-D2A9D63F2903}.Debug|Any CPU.Build.0 = Debug|Any CPU
		{523C5E18-AD90-455F-8EE5-D2A9D63F2903}.Release|Any CPU.ActiveCfg = Release|Any CPU
		{523C5E18-AD90-455F-8EE5-D2A9D63F2903}.Release|Any CPU.Build.0 = Release|Any CPU
		{48E5D352-80E7-45FE-B7D8-1C6063C65D52}.Debug|Any CPU.ActiveCfg = Debug|Any CPU
		{48E5D352-80E7-45FE-B7D8-1C6063C65D52}.Debug|Any CPU.Build.0 = Debug|Any CPU
		{48E5D352-80E7-45FE-B7D8-1C6063C65D52}.Release|Any CPU.ActiveCfg = Release|Any CPU
		{48E5D352-80E7-45FE-B7D8-1C6063C65D52}.Release|Any CPU.Build.0 = Release|Any CPU
		{9F6A6CB0-5AA8-4C81-A00C-952F3A718CBE}.Debug|Any CPU.ActiveCfg = Debug|Any CPU
		{9F6A6CB0-5AA8-4C81-A00C-952F3A718CBE}.Debug|Any CPU.Build.0 = Debug|Any CPU
		{9F6A6CB0-5AA8-4C81-A00C-952F3A718CBE}.Release|Any CPU.ActiveCfg = Release|Any CPU
		{9F6A6CB0-5AA8-4C81-A00C-952F3A718CBE}.Release|Any CPU.Build.0 = Release|Any CPU
		{37364CB4-8F22-4479-83F5-9AB600C54BEA}.Debug|Any CPU.ActiveCfg = Debug|Any CPU
		{37364CB4-8F22-4479-83F5-9AB600C54BEA}.Debug|Any CPU.Build.0 = Debug|Any CPU
		{37364CB4-8F22-4479-83F5-9AB600C54BEA}.Release|Any CPU.ActiveCfg = Release|Any CPU
		{37364CB4-8F22-4479-83F5-9AB600C54BEA}.Release|Any CPU.Build.0 = Release|Any CPU
	EndGlobalSection
	GlobalSection(SolutionProperties) = preSolution
		HideSolutionNode = FALSE
	EndGlobalSection
	GlobalSection(ExtensibilityGlobals) = postSolution
		SolutionGuid = {DD114309-7737-4830-8150-2CDE9169AE3F}
	EndGlobalSection
EndGlobal
